
Microsoft Visual Studio Solution File, Format Version 12.00
# Visual Studio Version 17
VisualStudioVersion = 17.11.35303.130
MinimumVisualStudioVersion = 10.0.40219.1
Project("{FAE04EC0-301F-11D3-BF4B-00C04F79EFBC}") = "Week8FuctionsWithReturn", "Week8FuctionsWithReturn\Week8FuctionsWithReturn.csproj", "{2CB5A018-1B6D-48B7-BE8E-5E8517C637AF}"
EndProject
Global
	GlobalSection(SolutionConfigurationPlatforms) = preSolution
		Debug|Any CPU = Debug|Any CPU
		Release|Any CPU = Release|Any CPU
	EndGlobalSection
	GlobalSection(ProjectConfigurationPlatforms) = postSolution
		{2CB5A018-1B6D-48B7-BE8E-5E8517C637AF}.Debug|Any CPU.ActiveCfg = Debug|Any CPU
		{2CB5A018-1B6D-48B7-BE8E-5E8517C637AF}.Debug|Any CPU.Build.0 = Debug|Any CPU
		{2CB5A018-1B6D-48B7-BE8E-5E8517C637AF}.Release|Any CPU.ActiveCfg = Release|Any CPU
		{2CB5A018-1B6D-48B7-BE8E-5E8517C637AF}.Release|Any CPU.Build.0 = Release|Any CPU
	EndGlobalSection
	GlobalSection(SolutionProperties) = preSolution
		HideSolutionNode = FALSE
	EndGlobalSection
	GlobalSection(ExtensibilityGlobals) = postSolution
		SolutionGuid = {01CD1F57-E37C-434A-889D-F4B1AD302659}
	EndGlobalSection
EndGlobal
